// !$*UTF8*$!
{
	archiveVersion = 1;
	classes = {
	};
	objectVersion = 48;
	objects = {

/* Begin PBXBuildFile section */
		69343F4420309FC50099FCEB /* AppDelegate.swift in Sources */ = {isa = PBXBuildFile; fileRef = 69343F4320309FC50099FCEB /* AppDelegate.swift */; };
		69343F4B20309FC50099FCEB /* Assets.xcassets in Resources */ = {isa = PBXBuildFile; fileRef = 69343F4A20309FC50099FCEB /* Assets.xcassets */; };
		69343F5A20309FE20099FCEB /* MainViewController.swift in Sources */ = {isa = PBXBuildFile; fileRef = 69343F5720309FE20099FCEB /* MainViewController.swift */; };
		69343F5B20309FE20099FCEB /* MainViewController.xib in Resources */ = {isa = PBXBuildFile; fileRef = 69343F5820309FE20099FCEB /* MainViewController.xib */; };
		69343F5C20309FE20099FCEB /* LaunchScreen.xib in Resources */ = {isa = PBXBuildFile; fileRef = 69343F5920309FE20099FCEB /* LaunchScreen.xib */; };
		69343F8C2030AC550099FCEB /* Circle.framework in Frameworks */ = {isa = PBXBuildFile; fileRef = 69343F8D2030AC550099FCEB /* Circle.framework */; };
/* End PBXBuildFile section */

/* Begin PBXCopyFilesBuildPhase section */
		69343F7D2030A4450099FCEB /* Embed Frameworks */ = {
			isa = PBXCopyFilesBuildPhase;
			buildActionMask = 2147483647;
			dstPath = "";
			dstSubfolderSpec = 10;
			files = (
			);
			name = "Embed Frameworks";
			runOnlyForDeploymentPostprocessing = 0;
		};
/* End PBXCopyFilesBuildPhase section */

/* Begin PBXFileReference section */
		69343F4020309FC50099FCEB /* CircleDemo.app */ = {isa = PBXFileReference; explicitFileType = wrapper.application; includeInIndex = 0; path = CircleDemo.app; sourceTree = BUILT_PRODUCTS_DIR; };
		69343F4320309FC50099FCEB /* AppDelegate.swift */ = {isa = PBXFileReference; lastKnownFileType = sourcecode.swift; path = AppDelegate.swift; sourceTree = "<group>"; };
		69343F4A20309FC50099FCEB /* Assets.xcassets */ = {isa = PBXFileReference; lastKnownFileType = folder.assetcatalog; path = Assets.xcassets; sourceTree = "<group>"; };
		69343F4F20309FC50099FCEB /* Info.plist */ = {isa = PBXFileReference; lastKnownFileType = text.plist.xml; path = Info.plist; sourceTree = "<group>"; };
		69343F5720309FE20099FCEB /* MainViewController.swift */ = {isa = PBXFileReference; fileEncoding = 4; lastKnownFileType = sourcecode.swift; path = MainViewController.swift; sourceTree = "<group>"; };
		69343F5820309FE20099FCEB /* MainViewController.xib */ = {isa = PBXFileReference; fileEncoding = 4; lastKnownFileType = file.xib; path = MainViewController.xib; sourceTree = "<group>"; };
		69343F5920309FE20099FCEB /* LaunchScreen.xib */ = {isa = PBXFileReference; fileEncoding = 4; lastKnownFileType = file.xib; path = LaunchScreen.xib; sourceTree = "<group>"; };
		69343F8D2030AC550099FCEB /* Circle.framework */ = {isa = PBXFileReference; explicitFileType = wrapper.framework; path = Circle.framework; sourceTree = BUILT_PRODUCTS_DIR; };
/* End PBXFileReference section */

/* Begin PBXFrameworksBuildPhase section */
		69343F3D20309FC50099FCEB /* Frameworks */ = {
			isa = PBXFrameworksBuildPhase;
			buildActionMask = 2147483647;
			files = (
				69343F8C2030AC550099FCEB /* Circle.framework in Frameworks */,
			);
			runOnlyForDeploymentPostprocessing = 0;
		};
/* End PBXFrameworksBuildPhase section */

/* Begin PBXGroup section */
		69343F3720309FC50099FCEB = {
			isa = PBXGroup;
			children = (
				69343F4220309FC50099FCEB /* CircleDemo */,
				69343F792030A42C0099FCEB /* Frameworks */,
				69343F4120309FC50099FCEB /* Products */,
			);
			sourceTree = "<group>";
		};
		69343F4120309FC50099FCEB /* Products */ = {
			isa = PBXGroup;
			children = (
				69343F4020309FC50099FCEB /* CircleDemo.app */,
			);
			name = Products;
			sourceTree = "<group>";
		};
		69343F4220309FC50099FCEB /* CircleDemo */ = {
			isa = PBXGroup;
			children = (
				69343F5520309FE20099FCEB /* ViewControllers */,
				69343F4320309FC50099FCEB /* AppDelegate.swift */,
				69343F4A20309FC50099FCEB /* Assets.xcassets */,
				69343F5920309FE20099FCEB /* LaunchScreen.xib */,
				69343F4F20309FC50099FCEB /* Info.plist */,
			);
			path = CircleDemo;
			sourceTree = "<group>";
		};
		69343F5520309FE20099FCEB /* ViewControllers */ = {
			isa = PBXGroup;
			children = (
				69343F5620309FE20099FCEB /* Main */,
			);
			path = ViewControllers;
			sourceTree = "<group>";
		};
		69343F5620309FE20099FCEB /* Main */ = {
			isa = PBXGroup;
			children = (
				69343F5720309FE20099FCEB /* MainViewController.swift */,
				69343F5820309FE20099FCEB /* MainViewController.xib */,
			);
			path = Main;
			sourceTree = "<group>";
		};
		69343F792030A42C0099FCEB /* Frameworks */ = {
			isa = PBXGroup;
			children = (
				69343F8D2030AC550099FCEB /* Circle.framework */,
			);
			path = Frameworks;
			sourceTree = "<group>";
		};
/* End PBXGroup section */

/* Begin PBXNativeTarget section */
		69343F3F20309FC50099FCEB /* CircleDemo */ = {
			isa = PBXNativeTarget;
			buildConfigurationList = 69343F5220309FC50099FCEB /* Build configuration list for PBXNativeTarget "CircleDemo" */;
			buildPhases = (
				69343F3C20309FC50099FCEB /* Sources */,
				69343F3D20309FC50099FCEB /* Frameworks */,
				69343F3E20309FC50099FCEB /* Resources */,
				69343F7D2030A4450099FCEB /* Embed Frameworks */,
			);
			buildRules = (
			);
			dependencies = (
			);
			name = CircleDemo;
			productName = CircleDemo;
			productReference = 69343F4020309FC50099FCEB /* CircleDemo.app */;
			productType = "com.apple.product-type.application";
		};
/* End PBXNativeTarget section */

/* Begin PBXProject section */
		69343F3820309FC50099FCEB /* Project object */ = {
			isa = PBXProject;
			attributes = {
				LastSwiftUpdateCheck = 0920;
				LastUpgradeCheck = 0920;
				ORGANIZATIONNAME = "Igor Matyushkin";
				TargetAttributes = {
					69343F3F20309FC50099FCEB = {
						CreatedOnToolsVersion = 9.2;
						ProvisioningStyle = Automatic;
					};
				};
			};
			buildConfigurationList = 69343F3B20309FC50099FCEB /* Build configuration list for PBXProject "CircleDemo" */;
			compatibilityVersion = "Xcode 8.0";
			developmentRegion = en;
			hasScannedForEncodings = 0;
			knownRegions = (
				en,
				Base,
			);
			mainGroup = 69343F3720309FC50099FCEB;
			productRefGroup = 69343F4120309FC50099FCEB /* Products */;
			projectDirPath = "";
			projectRoot = "";
			targets = (
				69343F3F20309FC50099FCEB /* CircleDemo */,
			);
		};
/* End PBXProject section */

/* Begin PBXResourcesBuildPhase section */
		69343F3E20309FC50099FCEB /* Resources */ = {
			isa = PBXResourcesBuildPhase;
			buildActionMask = 2147483647;
			files = (
				69343F4B20309FC50099FCEB /* Assets.xcassets in Resources */,
				69343F5C20309FE20099FCEB /* LaunchScreen.xib in Resources */,
				69343F5B20309FE20099FCEB /* MainViewController.xib in Resources */,
			);
			runOnlyForDeploymentPostprocessing = 0;
		};
/* End PBXResourcesBuildPhase section */

/* Begin PBXSourcesBuildPhase section */
		69343F3C20309FC50099FCEB /* Sources */ = {
			isa = PBXSourcesBuildPhase;
			buildActionMask = 2147483647;
			files = (
				69343F4420309FC50099FCEB /* AppDelegate.swift in Sources */,
				69343F5A20309FE20099FCEB /* MainViewController.swift in Sources */,
			);
			runOnlyForDeploymentPostprocessing = 0;
		};
/* End PBXSourcesBuildPhase section */

/* Begin XCBuildConfiguration section */
		69343F5020309FC50099FCEB /* Debug */ = {
			isa = XCBuildConfiguration;
			buildSettings = {
				ALWAYS_SEARCH_USER_PATHS = NO;
				CLANG_ANALYZER_NONNULL = YES;
				CLANG_ANALYZER_NUMBER_OBJECT_CONVERSION = YES_AGGRESSIVE;
				CLANG_CXX_LANGUAGE_STANDARD = "gnu++14";
				CLANG_CXX_LIBRARY = "libc++";
				CLANG_ENABLE_MODULES = YES;
				CLANG_ENABLE_OBJC_ARC = YES;
				CLANG_WARN_BLOCK_CAPTURE_AUTORELEASING = YES;
				CLANG_WARN_BOOL_CONVERSION = YES;
				CLANG_WARN_COMMA = YES;
				CLANG_WARN_CONSTANT_CONVERSION = YES;
				CLANG_WARN_DIRECT_OBJC_ISA_USAGE = YES_ERROR;
				CLANG_WARN_DOCUMENTATION_COMMENTS = YES;
				CLANG_WARN_EMPTY_BODY = YES;
				CLANG_WARN_ENUM_CONVERSION = YES;
				CLANG_WARN_INFINITE_RECURSION = YES;
				CLANG_WARN_INT_CONVERSION = YES;
				CLANG_WARN_NON_LITERAL_NULL_CONVERSION = YES;
				CLANG_WARN_OBJC_LITERAL_CONVERSION = YES;
				CLANG_WARN_OBJC_ROOT_CLASS = YES_ERROR;
				CLANG_WARN_RANGE_LOOP_ANALYSIS = YES;
				CLANG_WARN_STRICT_PROTOTYPES = YES;
				CLANG_WARN_SUSPICIOUS_MOVE = YES;
				CLANG_WARN_UNGUARDED_AVAILABILITY = YES_AGGRESSIVE;
				CLANG_WARN_UNREACHABLE_CODE = YES;
				CLANG_WARN__DUPLICATE_METHOD_MATCH = YES;
				CODE_SIGN_IDENTITY = "iPhone Developer";
				COPY_PHASE_STRIP = NO;
				DEBUG_INFORMATION_FORMAT = dwarf;
				ENABLE_STRICT_OBJC_MSGSEND = YES;
				ENABLE_TESTABILITY = YES;
				GCC_C_LANGUAGE_STANDARD = gnu11;
				GCC_DYNAMIC_NO_PIC = NO;
				GCC_NO_COMMON_BLOCKS = YES;
				GCC_OPTIMIZATION_LEVEL = 0;
				GCC_PREPROCESSOR_DEFINITIONS = (
					"DEBUG=1",
					"$(inherited)",
				);
				GCC_WARN_64_TO_32_BIT_CONVERSION = YES;
				GCC_WARN_ABOUT_RETURN_TYPE = YES_ERROR;
				GCC_WARN_UNDECLARED_SELECTOR = YES;
				GCC_WARN_UNINITIALIZED_AUTOS = YES_AGGRESSIVE;
				GCC_WARN_UNUSED_FUNCTION = YES;
				GCC_WARN_UNUSED_VARIABLE = YES;
				IPHONEOS_DEPLOYMENT_TARGET = 11.2;
				MTL_ENABLE_DEBUG_INFO = YES;
				ONLY_ACTIVE_ARCH = YES;
				SDKROOT = iphoneos;
				SWIFT_ACTIVE_COMPILATION_CONDITIONS = DEBUG;
				SWIFT_OPTIMIZATION_LEVEL = "-Onone";
			};
			name = Debug;
		};
		69343F5120309FC50099FCEB /* Release */ = {
			isa = XCBuildConfiguration;
			buildSettings = {
				ALWAYS_SEARCH_USER_PATHS = NO;
				CLANG_ANALYZER_NONNULL = YES;
				CLANG_ANALYZER_NUMBER_OBJECT_CONVERSION = YES_AGGRESSIVE;
				CLANG_CXX_LANGUAGE_STANDARD = "gnu++14";
				CLANG_CXX_LIBRARY = "libc++";
				CLANG_ENABLE_MODULES = YES;
				CLANG_ENABLE_OBJC_ARC = YES;
				CLANG_WARN_BLOCK_CAPTURE_AUTORELEASING = YES;
				CLANG_WARN_BOOL_CONVERSION = YES;
				CLANG_WARN_COMMA = YES;
				CLANG_WARN_CONSTANT_CONVERSION = YES;
				CLANG_WARN_DIRECT_OBJC_ISA_USAGE = YES_ERROR;
				CLANG_WARN_DOCUMENTATION_COMMENTS = YES;
				CLANG_WARN_EMPTY_BODY = YES;
				CLANG_WARN_ENUM_CONVERSION = YES;
				CLANG_WARN_INFINITE_RECURSION = YES;
				CLANG_WARN_INT_CONVERSION = YES;
				CLANG_WARN_NON_LITERAL_NULL_CONVERSION = YES;
				CLANG_WARN_OBJC_LITERAL_CONVERSION = YES;
				CLANG_WARN_OBJC_ROOT_CLASS = YES_ERROR;
				CLANG_WARN_RANGE_LOOP_ANALYSIS = YES;
				CLANG_WARN_STRICT_PROTOTYPES = YES;
				CLANG_WARN_SUSPICIOUS_MOVE = YES;
				CLANG_WARN_UNGUARDED_AVAILABILITY = YES_AGGRESSIVE;
				CLANG_WARN_UNREACHABLE_CODE = YES;
				CLANG_WARN__DUPLICATE_METHOD_MATCH = YES;
				CODE_SIGN_IDENTITY = "iPhone Developer";
				COPY_PHASE_STRIP = NO;
				DEBUG_INFORMATION_FORMAT = "dwarf-with-dsym";
				ENABLE_NS_ASSERTIONS = NO;
				ENABLE_STRICT_OBJC_MSGSEND = YES;
				GCC_C_LANGUAGE_STANDARD = gnu11;
				GCC_NO_COMMON_BLOCKS = YES;
				GCC_WARN_64_TO_32_BIT_CONVERSION = YES;
				GCC_WARN_ABOUT_RETURN_TYPE = YES_ERROR;
				GCC_WARN_UNDECLARED_SELECTOR = YES;
				GCC_WARN_UNINITIALIZED_AUTOS = YES_AGGRESSIVE;
				GCC_WARN_UNUSED_FUNCTION = YES;
				GCC_WARN_UNUSED_VARIABLE = YES;
				IPHONEOS_DEPLOYMENT_TARGET = 11.2;
				MTL_ENABLE_DEBUG_INFO = NO;
				SDKROOT = iphoneos;
				SWIFT_OPTIMIZATION_LEVEL = "-Owholemodule";
				VALIDATE_PRODUCT = YES;
			};
			name = Release;
		};
		69343F5320309FC50099FCEB /* Debug */ = {
			isa = XCBuildConfiguration;
			buildSettings = {
				ASSETCATALOG_COMPILER_APPICON_NAME = AppIcon;
				CODE_SIGN_STYLE = Automatic;
				INFOPLIST_FILE = CircleDemo/Info.plist;
				IPHONEOS_DEPLOYMENT_TARGET = 9.0;
				LD_RUNPATH_SEARCH_PATHS = "$(inherited) @executable_path/Frameworks";
				PRODUCT_BUNDLE_IDENTIFIER = com.visuality.CircleDemo;
				PRODUCT_NAME = "$(TARGET_NAME)";
				SWIFT_VERSION = 4.0;
				TARGETED_DEVICE_FAMILY = "1,2";
			};
			name = Debug;
		};
		69343F5420309FC50099FCEB /* Release */ = {
			isa = XCBuildConfiguration;
			buildSettings = {
				ASSETCATALOG_COMPILER_APPICON_NAME = AppIcon;
				CODE_SIGN_STYLE = Automatic;
				INFOPLIST_FILE = CircleDemo/Info.plist;
				IPHONEOS_DEPLOYMENT_TARGET = 9.0;
				LD_RUNPATH_SEARCH_PATHS = "$(inherited) @executable_path/Frameworks";
				PRODUCT_BUNDLE_IDENTIFIER = com.visuality.CircleDemo;
				PRODUCT_NAME = "$(TARGET_NAME)";
				SWIFT_VERSION = 4.0;
				TARGETED_DEVICE_FAMILY = "1,2";
			};
			name = Release;
		};
/* End XCBuildConfiguration section */

/* Begin XCConfigurationList section */
		69343F3B20309FC50099FCEB /* Build configuration list for PBXProject "CircleDemo" */ = {
			isa = XCConfigurationList;
			buildConfigurations = (
				69343F5020309FC50099FCEB /* Debug */,
				69343F5120309FC50099FCEB /* Release */,
			);
			defaultConfigurationIsVisible = 0;
			defaultConfigurationName = Release;
		};
		69343F5220309FC50099FCEB /* Build configuration list for PBXNativeTarget "CircleDemo" */ = {
			isa = XCConfigurationList;
			buildConfigurations = (
				69343F5320309FC50099FCEB /* Debug */,
				69343F5420309FC50099FCEB /* Release */,
			);
			defaultConfigurationIsVisible = 0;
			defaultConfigurationName = Release;
		};
/* End XCConfigurationList section */
	};
	rootObject = 69343F3820309FC50099FCEB /* Project object */;
}
